
Microsoft Visual Studio Solution File, Format Version 12.00
# Visual Studio Version 16
VisualStudioVersion = 16.0.31515.178
MinimumVisualStudioVersion = 10.0.40219.1
Project("{FAE04EC0-301F-11D3-BF4B-00C04F79EFBC}") = "WindowsService1", "WindowsService1.csproj", "{3ED639EB-09B6-47D1-B5BF-366332203326}"
EndProject
Project("{54435603-DBB4-11D2-8724-00A0C9A8B90C}") = "ServiceWizard", "..\ServiceWizard\ServiceWizard.vdproj", "{5F32E349-2D1B-4E15-A436-6252D19B44CE}"
EndProject
Global
	GlobalSection(SolutionConfigurationPlatforms) = preSolution
		Debug|Any CPU = Debug|Any CPU
		Release|Any CPU = Release|Any CPU
	EndGlobalSection
	GlobalSection(ProjectConfigurationPlatforms) = postSolution
		{3ED639EB-09B6-47D1-B5BF-366332203326}.Debug|Any CPU.ActiveCfg = Debug|Any CPU
		{3ED639EB-09B6-47D1-B5BF-366332203326}.Debug|Any CPU.Build.0 = Debug|Any CPU
		{3ED639EB-09B6-47D1-B5BF-366332203326}.Release|Any CPU.ActiveCfg = Release|Any CPU
		{3ED639EB-09B6-47D1-B5BF-366332203326}.Release|Any CPU.Build.0 = Release|Any CPU
		{5F32E349-2D1B-4E15-A436-6252D19B44CE}.Debug|Any CPU.ActiveCfg = Debug
		{5F32E349-2D1B-4E15-A436-6252D19B44CE}.Release|Any CPU.ActiveCfg = Release
	EndGlobalSection
	GlobalSection(SolutionProperties) = preSolution
		HideSolutionNode = FALSE
	EndGlobalSection
	GlobalSection(ExtensibilityGlobals) = postSolution
		SolutionGuid = {C8C22552-457B-4493-A0EE-D89532AE2854}
	EndGlobalSection
EndGlobal
